# generated by rye
# use `rye lock` or `rye sync` to update this lockfile
-e file:.
addressparser==0.2.4
certifi==2022.12.7
charset-normalizer==3.1.0
companynameparser==0.1.8
idna==3.4
jieba==0.42.1
loguru==0.7.0
numpy==1.24.3
pandas==2.0.1
pydantic==1.10.7
python-dateutil==2.8.2
pytz==2023.3
pyyaml==6.0
requests==2.29.0
six==1.16.0
typesense==0.15.1
typing-extensions==4.5.0
tzdata==2023.3
urllib3==1.26.15
